{
  "name": "AdminPanel",
  "lockfileVersion": 2,
  "requires": true,
  "packages": {
    "": {
      "dependencies": {
        "ag-grid-community": "^28.1.1",
        "bootstrap": "^5.3.0-alpha1",
        "jquery-serializetojson": "^1.4.1"
      }
    },
    "node_modules/@popperjs/core": {
      "version": "2.11.6",
      "resolved": "https://registry.npmjs.org/@popperjs/core/-/core-2.11.6.tgz",
      "integrity": "sha512-50/17A98tWUfQ176raKiOGXuYpLyyVMkxxG6oylzL3BPOlA6ADGdK7EYunSa4I064xerltq9TGXs8HmOk5E+vw==",
      "peer": true,
      "funding": {
        "type": "opencollective",
        "url": "https://opencollective.com/popperjs"
      }
    },
    "node_modules/ag-grid-community": {
      "version": "28.1.1",
      "resolved": "https://registry.npmjs.org/ag-grid-community/-/ag-grid-community-28.1.1.tgz",
      "integrity": "sha512-WqWELTVXMrFHnyLHhD8HqMzrns+rjMuaOWcnLY+uO+j2jFN9QEasXPdT8zepNbNeUaIdCt1f1Q9Ipx0U1evNvQ=="
    },
    "node_modules/bootstrap": {
      "version": "5.3.0-alpha1",
      "resolved": "https://registry.npmjs.org/bootstrap/-/bootstrap-5.3.0-alpha1.tgz",
      "integrity": "sha512-ABZpKK4ObS3kKlIqH+ZVDqoy5t/bhFG0oHTAzByUdon7YIom0lpCeTqRniDzJmbtcWkNe800VVPBiJgxSYTYew==",
      "funding": [
        {
          "type": "github",
          "url": "https://github.com/sponsors/twbs"
        },
        {
          "type": "opencollective",
          "url": "https://opencollective.com/bootstrap"
        }
      ],
      "peerDependencies": {
        "@popperjs/core": "^2.11.6"
      }
    },
    "node_modules/jquery-serializetojson": {
      "version": "1.4.1",
      "resolved": "https://registry.npmjs.org/jquery-serializetojson/-/jquery-serializetojson-1.4.1.tgz",
      "integrity": "sha512-H7KWs/vFnKBH+k1SvapD5HPUP45zIAmZ/ba5yEsVW62knnrmw7LujcElBI05Si6od6JZjN71a1A9L7cmJ2B1gg=="
    }
  },
  "dependencies": {
    "@popperjs/core": {
      "version": "2.11.6",
      "resolved": "https://registry.npmjs.org/@popperjs/core/-/core-2.11.6.tgz",
      "integrity": "sha512-50/17A98tWUfQ176raKiOGXuYpLyyVMkxxG6oylzL3BPOlA6ADGdK7EYunSa4I064xerltq9TGXs8HmOk5E+vw==",
      "peer": true
    },
    "ag-grid-community": {
      "version": "28.1.1",
      "resolved": "https://registry.npmjs.org/ag-grid-community/-/ag-grid-community-28.1.1.tgz",
      "integrity": "sha512-WqWELTVXMrFHnyLHhD8HqMzrns+rjMuaOWcnLY+uO+j2jFN9QEasXPdT8zepNbNeUaIdCt1f1Q9Ipx0U1evNvQ=="
    },
    "bootstrap": {
      "version": "5.3.0-alpha1",
      "resolved": "https://registry.npmjs.org/bootstrap/-/bootstrap-5.3.0-alpha1.tgz",
      "integrity": "sha512-ABZpKK4ObS3kKlIqH+ZVDqoy5t/bhFG0oHTAzByUdon7YIom0lpCeTqRniDzJmbtcWkNe800VVPBiJgxSYTYew==",
      "requires": {}
    },
    "jquery-serializetojson": {
      "version": "1.4.1",
      "resolved": "https://registry.npmjs.org/jquery-serializetojson/-/jquery-serializetojson-1.4.1.tgz",
      "integrity": "sha512-H7KWs/vFnKBH+k1SvapD5HPUP45zIAmZ/ba5yEsVW62knnrmw7LujcElBI05Si6od6JZjN71a1A9L7cmJ2B1gg=="
    }
  }
}
